
Microsoft Visual Studio Solution File, Format Version 12.00
Project("{FAE04EC0-301F-11D3-BF4B-00C04F79EFBC}") = "pruefungsvorbereitung", "pruefungsvorbereitung\pruefungsvorbereitung.csproj", "{B6ABC9F2-C204-489E-8E1D-8ECD0AF343DA}"
EndProject
Global
	GlobalSection(SolutionConfigurationPlatforms) = preSolution
		Debug|Any CPU = Debug|Any CPU
		Release|Any CPU = Release|Any CPU
	EndGlobalSection
	GlobalSection(ProjectConfigurationPlatforms) = postSolution
		{B6ABC9F2-C204-489E-8E1D-8ECD0AF343DA}.Debug|Any CPU.ActiveCfg = Debug|Any CPU
		{B6ABC9F2-C204-489E-8E1D-8ECD0AF343DA}.Debug|Any CPU.Build.0 = Debug|Any CPU
		{B6ABC9F2-C204-489E-8E1D-8ECD0AF343DA}.Release|Any CPU.ActiveCfg = Release|Any CPU
		{B6ABC9F2-C204-489E-8E1D-8ECD0AF343DA}.Release|Any CPU.Build.0 = Release|Any CPU
	EndGlobalSection
EndGlobal
