
Microsoft Visual Studio Solution File, Format Version 12.00
Project("{FAE04EC0-301F-11D3-BF4B-00C04F79EFBC}") = "AufgabenWeihnachten", "AufgabenWeihnachten\AufgabenWeihnachten.csproj", "{535CEDA0-E675-4D35-82BB-791AF39225CD}"
EndProject
Global
	GlobalSection(SolutionConfigurationPlatforms) = preSolution
		Debug|Any CPU = Debug|Any CPU
		Release|Any CPU = Release|Any CPU
	EndGlobalSection
	GlobalSection(ProjectConfigurationPlatforms) = postSolution
		{535CEDA0-E675-4D35-82BB-791AF39225CD}.Debug|Any CPU.ActiveCfg = Debug|Any CPU
		{535CEDA0-E675-4D35-82BB-791AF39225CD}.Debug|Any CPU.Build.0 = Debug|Any CPU
		{535CEDA0-E675-4D35-82BB-791AF39225CD}.Release|Any CPU.ActiveCfg = Release|Any CPU
		{535CEDA0-E675-4D35-82BB-791AF39225CD}.Release|Any CPU.Build.0 = Release|Any CPU
	EndGlobalSection
EndGlobal
